
Microsoft Visual Studio Solution File, Format Version 12.00
# Visual Studio Version 16
VisualStudioVersion = 16.0.29806.167
MinimumVisualStudioVersion = 10.0.40219.1
Project("{9A19103F-16F7-4668-BE54-9A1E7A4F7556}") = "ConsoleApp1", "ConsoleApp1\ConsoleApp1.csproj", "{194A7333-CFFF-401B-9EDE-2CB1AA2539AE}"
EndProject
Project("{FAE04EC0-301F-11D3-BF4B-00C04F79EFBC}") = "UnitTestProject1", "UnitTestProject1\UnitTestProject1.csproj", "{37B4AE6D-A9A3-4B33-BE90-34F84FB1DF05}"
EndProject
Global
	GlobalSection(SolutionConfigurationPlatforms) = preSolution
		Debug|Any CPU = Debug|Any CPU
		Release|Any CPU = Release|Any CPU
	EndGlobalSection
	GlobalSection(ProjectConfigurationPlatforms) = postSolution
		{194A7333-CFFF-401B-9EDE-2CB1AA2539AE}.Debug|Any CPU.ActiveCfg = Debug|Any CPU
		{194A7333-CFFF-401B-9EDE-2CB1AA2539AE}.Debug|Any CPU.Build.0 = Debug|Any CPU
		{194A7333-CFFF-401B-9EDE-2CB1AA2539AE}.Release|Any CPU.ActiveCfg = Release|Any CPU
		{194A7333-CFFF-401B-9EDE-2CB1AA2539AE}.Release|Any CPU.Build.0 = Release|Any CPU
		{37B4AE6D-A9A3-4B33-BE90-34F84FB1DF05}.Debug|Any CPU.ActiveCfg = Debug|Any CPU
		{37B4AE6D-A9A3-4B33-BE90-34F84FB1DF05}.Debug|Any CPU.Build.0 = Debug|Any CPU
		{37B4AE6D-A9A3-4B33-BE90-34F84FB1DF05}.Release|Any CPU.ActiveCfg = Release|Any CPU
		{37B4AE6D-A9A3-4B33-BE90-34F84FB1DF05}.Release|Any CPU.Build.0 = Release|Any CPU
	EndGlobalSection
	GlobalSection(SolutionProperties) = preSolution
		HideSolutionNode = FALSE
	EndGlobalSection
	GlobalSection(ExtensibilityGlobals) = postSolution
		SolutionGuid = {87C3C513-2E17-441B-917B-39119B3A1874}
	EndGlobalSection
EndGlobal
